// !$*UTF8*$!
{
	archiveVersion = 1;
	classes = {
	};
	objectVersion = 50;
	objects = {

/* Begin PBXBuildFile section */
		1477144F22CB10D4000C3E8A /* Theme.swift in Sources */ = {isa = PBXBuildFile; fileRef = 1477144E22CB10D4000C3E8A /* Theme.swift */; };
		14EDAB5A22B9E96100782BBE /* AppDelegate.swift in Sources */ = {isa = PBXBuildFile; fileRef = 14EDAB5922B9E96100782BBE /* AppDelegate.swift */; };
		14EDAB5C22B9E96100782BBE /* ViewController.swift in Sources */ = {isa = PBXBuildFile; fileRef = 14EDAB5B22B9E96100782BBE /* ViewController.swift */; };
		14EDAB5F22B9E96100782BBE /* Main.storyboard in Resources */ = {isa = PBXBuildFile; fileRef = 14EDAB5D22B9E96100782BBE /* Main.storyboard */; };
		14EDAB6122B9E96200782BBE /* Assets.xcassets in Resources */ = {isa = PBXBuildFile; fileRef = 14EDAB6022B9E96200782BBE /* Assets.xcassets */; };
		14EDAB6422B9E96200782BBE /* LaunchScreen.storyboard in Resources */ = {isa = PBXBuildFile; fileRef = 14EDAB6222B9E96200782BBE /* LaunchScreen.storyboard */; };
		14EDAB6D22B9EA2C00782BBE /* Concentration.swift in Sources */ = {isa = PBXBuildFile; fileRef = 14EDAB6C22B9EA2C00782BBE /* Concentration.swift */; };
		14EDAB6F22B9EAE600782BBE /* Card.swift in Sources */ = {isa = PBXBuildFile; fileRef = 14EDAB6E22B9EAE600782BBE /* Card.swift */; };
/* End PBXBuildFile section */

/* Begin PBXFileReference section */
		1477144E22CB10D4000C3E8A /* Theme.swift */ = {isa = PBXFileReference; lastKnownFileType = sourcecode.swift; path = Theme.swift; sourceTree = "<group>"; };
		14EDAB5622B9E96100782BBE /* Concentration.app */ = {isa = PBXFileReference; explicitFileType = wrapper.application; includeInIndex = 0; path = Concentration.app; sourceTree = BUILT_PRODUCTS_DIR; };
		14EDAB5922B9E96100782BBE /* AppDelegate.swift */ = {isa = PBXFileReference; lastKnownFileType = sourcecode.swift; path = AppDelegate.swift; sourceTree = "<group>"; };
		14EDAB5B22B9E96100782BBE /* ViewController.swift */ = {isa = PBXFileReference; lastKnownFileType = sourcecode.swift; path = ViewController.swift; sourceTree = "<group>"; };
		14EDAB5E22B9E96100782BBE /* Base */ = {isa = PBXFileReference; lastKnownFileType = file.storyboard; name = Base; path = Base.lproj/Main.storyboard; sourceTree = "<group>"; };
		14EDAB6022B9E96200782BBE /* Assets.xcassets */ = {isa = PBXFileReference; lastKnownFileType = folder.assetcatalog; path = Assets.xcassets; sourceTree = "<group>"; };
		14EDAB6322B9E96200782BBE /* Base */ = {isa = PBXFileReference; lastKnownFileType = file.storyboard; name = Base; path = Base.lproj/LaunchScreen.storyboard; sourceTree = "<group>"; };
		14EDAB6522B9E96200782BBE /* Info.plist */ = {isa = PBXFileReference; lastKnownFileType = text.plist.xml; path = Info.plist; sourceTree = "<group>"; };
		14EDAB6C22B9EA2C00782BBE /* Concentration.swift */ = {isa = PBXFileReference; lastKnownFileType = sourcecode.swift; path = Concentration.swift; sourceTree = "<group>"; };
		14EDAB6E22B9EAE600782BBE /* Card.swift */ = {isa = PBXFileReference; lastKnownFileType = sourcecode.swift; path = Card.swift; sourceTree = "<group>"; };
/* End PBXFileReference section */

/* Begin PBXFrameworksBuildPhase section */
		14EDAB5322B9E96100782BBE /* Frameworks */ = {
			isa = PBXFrameworksBuildPhase;
			buildActionMask = 2147483647;
			files = (
			);
			runOnlyForDeploymentPostprocessing = 0;
		};
/* End PBXFrameworksBuildPhase section */

/* Begin PBXGroup section */
		14EDAB4D22B9E96100782BBE = {
			isa = PBXGroup;
			children = (
				14EDAB5822B9E96100782BBE /* Concentration */,
				14EDAB5722B9E96100782BBE /* Products */,
			);
			sourceTree = "<group>";
		};
		14EDAB5722B9E96100782BBE /* Products */ = {
			isa = PBXGroup;
			children = (
				14EDAB5622B9E96100782BBE /* Concentration.app */,
			);
			name = Products;
			sourceTree = "<group>";
		};
		14EDAB5822B9E96100782BBE /* Concentration */ = {
			isa = PBXGroup;
			children = (
				14EDAB5B22B9E96100782BBE /* ViewController.swift */,
				1477144E22CB10D4000C3E8A /* Theme.swift */,
				14EDAB6C22B9EA2C00782BBE /* Concentration.swift */,
				14EDAB6E22B9EAE600782BBE /* Card.swift */,
				14EDAB5D22B9E96100782BBE /* Main.storyboard */,
				14EDAB6B22B9E9CC00782BBE /* Supporting Files */,
				14EDAB6522B9E96200782BBE /* Info.plist */,
			);
			path = Concentration;
			sourceTree = "<group>";
		};
		14EDAB6B22B9E9CC00782BBE /* Supporting Files */ = {
			isa = PBXGroup;
			children = (
				14EDAB6222B9E96200782BBE /* LaunchScreen.storyboard */,
				14EDAB5922B9E96100782BBE /* AppDelegate.swift */,
				14EDAB6022B9E96200782BBE /* Assets.xcassets */,
			);
			path = "Supporting Files";
			sourceTree = "<group>";
		};
/* End PBXGroup section */

/* Begin PBXNativeTarget section */
		14EDAB5522B9E96100782BBE /* Concentration */ = {
			isa = PBXNativeTarget;
			buildConfigurationList = 14EDAB6822B9E96200782BBE /* Build configuration list for PBXNativeTarget "Concentration" */;
			buildPhases = (
				14EDAB5222B9E96100782BBE /* Sources */,
				14EDAB5322B9E96100782BBE /* Frameworks */,
				14EDAB5422B9E96100782BBE /* Resources */,
			);
			buildRules = (
			);
			dependencies = (
			);
			name = Concentration;
			productName = Concentration;
			productReference = 14EDAB5622B9E96100782BBE /* Concentration.app */;
			productType = "com.apple.product-type.application";
		};
/* End PBXNativeTarget section */

/* Begin PBXProject section */
		14EDAB4E22B9E96100782BBE /* Project object */ = {
			isa = PBXProject;
			attributes = {
				LastSwiftUpdateCheck = 1020;
				LastUpgradeCheck = 1020;
				ORGANIZATIONNAME = "Tianyang Wang";
				TargetAttributes = {
					14EDAB5522B9E96100782BBE = {
						CreatedOnToolsVersion = 10.2.1;
					};
				};
			};
			buildConfigurationList = 14EDAB5122B9E96100782BBE /* Build configuration list for PBXProject "Concentration" */;
			compatibilityVersion = "Xcode 9.3";
			developmentRegion = en;
			hasScannedForEncodings = 0;
			knownRegions = (
				en,
				Base,
			);
			mainGroup = 14EDAB4D22B9E96100782BBE;
			productRefGroup = 14EDAB5722B9E96100782BBE /* Products */;
			projectDirPath = "";
			projectRoot = "";
			targets = (
				14EDAB5522B9E96100782BBE /* Concentration */,
			);
		};
/* End PBXProject section */

/* Begin PBXResourcesBuildPhase section */
		14EDAB5422B9E96100782BBE /* Resources */ = {
			isa = PBXResourcesBuildPhase;
			buildActionMask = 2147483647;
			files = (
				14EDAB6422B9E96200782BBE /* LaunchScreen.storyboard in Resources */,
				14EDAB6122B9E96200782BBE /* Assets.xcassets in Resources */,
				14EDAB5F22B9E96100782BBE /* Main.storyboard in Resources */,
			);
			runOnlyForDeploymentPostprocessing = 0;
		};
/* End PBXResourcesBuildPhase section */

/* Begin PBXSourcesBuildPhase section */
		14EDAB5222B9E96100782BBE /* Sources */ = {
			isa = PBXSourcesBuildPhase;
			buildActionMask = 2147483647;
			files = (
				14EDAB5C22B9E96100782BBE /* ViewController.swift in Sources */,
				14EDAB5A22B9E96100782BBE /* AppDelegate.swift in Sources */,
				1477144F22CB10D4000C3E8A /* Theme.swift in Sources */,
				14EDAB6D22B9EA2C00782BBE /* Concentration.swift in Sources */,
				14EDAB6F22B9EAE600782BBE /* Card.swift in Sources */,
			);
			runOnlyForDeploymentPostprocessing = 0;
		};
/* End PBXSourcesBuildPhase section */

/* Begin PBXVariantGroup section */
		14EDAB5D22B9E96100782BBE /* Main.storyboard */ = {
			isa = PBXVariantGroup;
			children = (
				14EDAB5E22B9E96100782BBE /* Base */,
			);
			name = Main.storyboard;
			sourceTree = "<group>";
		};
		14EDAB6222B9E96200782BBE /* LaunchScreen.storyboard */ = {
			isa = PBXVariantGroup;
			children = (
				14EDAB6322B9E96200782BBE /* Base */,
			);
			name = LaunchScreen.storyboard;
			sourceTree = "<group>";
		};
/* End PBXVariantGroup section */

/* Begin XCBuildConfiguration section */
		14EDAB6622B9E96200782BBE /* Debug */ = {
			isa = XCBuildConfiguration;
			buildSettings = {
				ALWAYS_SEARCH_USER_PATHS = NO;
				CLANG_ANALYZER_NONNULL = YES;
				CLANG_ANALYZER_NUMBER_OBJECT_CONVERSION = YES_AGGRESSIVE;
				CLANG_CXX_LANGUAGE_STANDARD = "gnu++14";
				CLANG_CXX_LIBRARY = "libc++";
				CLANG_ENABLE_MODULES = YES;
				CLANG_ENABLE_OBJC_ARC = YES;
				CLANG_ENABLE_OBJC_WEAK = YES;
				CLANG_WARN_BLOCK_CAPTURE_AUTORELEASING = YES;
				CLANG_WARN_BOOL_CONVERSION = YES;
				CLANG_WARN_COMMA = YES;
				CLANG_WARN_CONSTANT_CONVERSION = YES;
				CLANG_WARN_DEPRECATED_OBJC_IMPLEMENTATIONS = YES;
				CLANG_WARN_DIRECT_OBJC_ISA_USAGE = YES_ERROR;
				CLANG_WARN_DOCUMENTATION_COMMENTS = YES;
				CLANG_WARN_EMPTY_BODY = YES;
				CLANG_WARN_ENUM_CONVERSION = YES;
				CLANG_WARN_INFINITE_RECURSION = YES;
				CLANG_WARN_INT_CONVERSION = YES;
				CLANG_WARN_NON_LITERAL_NULL_CONVERSION = YES;
				CLANG_WARN_OBJC_IMPLICIT_RETAIN_SELF = YES;
				CLANG_WARN_OBJC_LITERAL_CONVERSION = YES;
				CLANG_WARN_OBJC_ROOT_CLASS = YES_ERROR;
				CLANG_WARN_RANGE_LOOP_ANALYSIS = YES;
				CLANG_WARN_STRICT_PROTOTYPES = YES;
				CLANG_WARN_SUSPICIOUS_MOVE = YES;
				CLANG_WARN_UNGUARDED_AVAILABILITY = YES_AGGRESSIVE;
				CLANG_WARN_UNREACHABLE_CODE = YES;
				CLANG_WARN__DUPLICATE_METHOD_MATCH = YES;
				CODE_SIGN_IDENTITY = "iPhone Developer";
				COPY_PHASE_STRIP = NO;
				DEBUG_INFORMATION_FORMAT = dwarf;
				ENABLE_STRICT_OBJC_MSGSEND = YES;
				ENABLE_TESTABILITY = YES;
				GCC_C_LANGUAGE_STANDARD = gnu11;
				GCC_DYNAMIC_NO_PIC = NO;
				GCC_NO_COMMON_BLOCKS = YES;
				GCC_OPTIMIZATION_LEVEL = 0;
				GCC_PREPROCESSOR_DEFINITIONS = (
					"DEBUG=1",
					"$(inherited)",
				);
				GCC_WARN_64_TO_32_BIT_CONVERSION = YES;
				GCC_WARN_ABOUT_RETURN_TYPE = YES_ERROR;
				GCC_WARN_UNDECLARED_SELECTOR = YES;
				GCC_WARN_UNINITIALIZED_AUTOS = YES_AGGRESSIVE;
				GCC_WARN_UNUSED_FUNCTION = YES;
				GCC_WARN_UNUSED_VARIABLE = YES;
				IPHONEOS_DEPLOYMENT_TARGET = 12.2;
				MTL_ENABLE_DEBUG_INFO = INCLUDE_SOURCE;
				MTL_FAST_MATH = YES;
				ONLY_ACTIVE_ARCH = YES;
				SDKROOT = iphoneos;
				SWIFT_ACTIVE_COMPILATION_CONDITIONS = DEBUG;
				SWIFT_OPTIMIZATION_LEVEL = "-Onone";
			};
			name = Debug;
		};
		14EDAB6722B9E96200782BBE /* Release */ = {
			isa = XCBuildConfiguration;
			buildSettings = {
				ALWAYS_SEARCH_USER_PATHS = NO;
				CLANG_ANALYZER_NONNULL = YES;
				CLANG_ANALYZER_NUMBER_OBJECT_CONVERSION = YES_AGGRESSIVE;
				CLANG_CXX_LANGUAGE_STANDARD = "gnu++14";
				CLANG_CXX_LIBRARY = "libc++";
				CLANG_ENABLE_MODULES = YES;
				CLANG_ENABLE_OBJC_ARC = YES;
				CLANG_ENABLE_OBJC_WEAK = YES;
				CLANG_WARN_BLOCK_CAPTURE_AUTORELEASING = YES;
				CLANG_WARN_BOOL_CONVERSION = YES;
				CLANG_WARN_COMMA = YES;
				CLANG_WARN_CONSTANT_CONVERSION = YES;
				CLANG_WARN_DEPRECATED_OBJC_IMPLEMENTATIONS = YES;
				CLANG_WARN_DIRECT_OBJC_ISA_USAGE = YES_ERROR;
				CLANG_WARN_DOCUMENTATION_COMMENTS = YES;
				CLANG_WARN_EMPTY_BODY = YES;
				CLANG_WARN_ENUM_CONVERSION = YES;
				CLANG_WARN_INFINITE_RECURSION = YES;
				CLANG_WARN_INT_CONVERSION = YES;
				CLANG_WARN_NON_LITERAL_NULL_CONVERSION = YES;
				CLANG_WARN_OBJC_IMPLICIT_RETAIN_SELF = YES;
				CLANG_WARN_OBJC_LITERAL_CONVERSION = YES;
				CLANG_WARN_OBJC_ROOT_CLASS = YES_ERROR;
				CLANG_WARN_RANGE_LOOP_ANALYSIS = YES;
				CLANG_WARN_STRICT_PROTOTYPES = YES;
				CLANG_WARN_SUSPICIOUS_MOVE = YES;
				CLANG_WARN_UNGUARDED_AVAILABILITY = YES_AGGRESSIVE;
				CLANG_WARN_UNREACHABLE_CODE = YES;
				CLANG_WARN__DUPLICATE_METHOD_MATCH = YES;
				CODE_SIGN_IDENTITY = "iPhone Developer";
				COPY_PHASE_STRIP = NO;
				DEBUG_INFORMATION_FORMAT = "dwarf-with-dsym";
				ENABLE_NS_ASSERTIONS = NO;
				ENABLE_STRICT_OBJC_MSGSEND = YES;
				GCC_C_LANGUAGE_STANDARD = gnu11;
				GCC_NO_COMMON_BLOCKS = YES;
				GCC_WARN_64_TO_32_BIT_CONVERSION = YES;
				GCC_WARN_ABOUT_RETURN_TYPE = YES_ERROR;
				GCC_WARN_UNDECLARED_SELECTOR = YES;
				GCC_WARN_UNINITIALIZED_AUTOS = YES_AGGRESSIVE;
				GCC_WARN_UNUSED_FUNCTION = YES;
				GCC_WARN_UNUSED_VARIABLE = YES;
				IPHONEOS_DEPLOYMENT_TARGET = 12.2;
				MTL_ENABLE_DEBUG_INFO = NO;
				MTL_FAST_MATH = YES;
				SDKROOT = iphoneos;
				SWIFT_COMPILATION_MODE = wholemodule;
				SWIFT_OPTIMIZATION_LEVEL = "-O";
				VALIDATE_PRODUCT = YES;
			};
			name = Release;
		};
		14EDAB6922B9E96200782BBE /* Debug */ = {
			isa = XCBuildConfiguration;
			buildSettings = {
				ASSETCATALOG_COMPILER_APPICON_NAME = AppIcon;
				CODE_SIGN_STYLE = Automatic;
				DEVELOPMENT_TEAM = 6C696572K6;
				INFOPLIST_FILE = Concentration/Info.plist;
				LD_RUNPATH_SEARCH_PATHS = (
					"$(inherited)",
					"@executable_path/Frameworks",
				);
				PRODUCT_BUNDLE_IDENTIFIER = kss.cs193p.hw1.Concentration;
				PRODUCT_NAME = "$(TARGET_NAME)";
				SWIFT_VERSION = 5.0;
				TARGETED_DEVICE_FAMILY = "1,2";
			};
			name = Debug;
		};
		14EDAB6A22B9E96200782BBE /* Release */ = {
			isa = XCBuildConfiguration;
			buildSettings = {
				ASSETCATALOG_COMPILER_APPICON_NAME = AppIcon;
				CODE_SIGN_STYLE = Automatic;
				DEVELOPMENT_TEAM = 6C696572K6;
				INFOPLIST_FILE = Concentration/Info.plist;
				LD_RUNPATH_SEARCH_PATHS = (
					"$(inherited)",
					"@executable_path/Frameworks",
				);
				PRODUCT_BUNDLE_IDENTIFIER = kss.cs193p.hw1.Concentration;
				PRODUCT_NAME = "$(TARGET_NAME)";
				SWIFT_VERSION = 5.0;
				TARGETED_DEVICE_FAMILY = "1,2";
			};
			name = Release;
		};
/* End XCBuildConfiguration section */

/* Begin XCConfigurationList section */
		14EDAB5122B9E96100782BBE /* Build configuration list for PBXProject "Concentration" */ = {
			isa = XCConfigurationList;
			buildConfigurations = (
				14EDAB6622B9E96200782BBE /* Debug */,
				14EDAB6722B9E96200782BBE /* Release */,
			);
			defaultConfigurationIsVisible = 0;
			defaultConfigurationName = Release;
		};
		14EDAB6822B9E96200782BBE /* Build configuration list for PBXNativeTarget "Concentration" */ = {
			isa = XCConfigurationList;
			buildConfigurations = (
				14EDAB6922B9E96200782BBE /* Debug */,
				14EDAB6A22B9E96200782BBE /* Release */,
			);
			defaultConfigurationIsVisible = 0;
			defaultConfigurationName = Release;
		};
/* End XCConfigurationList section */
	};
	rootObject = 14EDAB4E22B9E96100782BBE /* Project object */;
}
